<?xml version="1.0" encoding="utf-8"?>
<Project ToolsVersion="4.0" xmlns="http://schemas.microsoft.com/developer/msbuild/2003">
  <ItemGroup>
    <ClCompile Include="base.cpp" />
    <ClCompile Include="multisamplingTest.cpp" />
    <ClCompile Include="multi-threadingTest.cpp" />
    <ClCompile Include="imageTest.cpp" />
    <ClCompile Include="shaderInput.cpp" />
    <ClCompile Include="3Drendering.cpp" />
    <ClCompile Include="DepthBufferTest.cpp" />
    <ClCompile Include="WindowResizing.cpp" />
    <ClCompile Include="renderpassToImage.cpp" />
    <ClCompile Include="MipMapTest.cpp" />
    <ClCompile Include="raytracingTest.cpp" />
    <ClCompile Include="instancingTest.cpp" />
    <ClCompile Include="SSBOtest.cpp" />
    <ClCompile Include="specializationConstantsTest.cpp" />
    <ClCompile Include="pushDescriptorAndPushConstantTest.cpp" />
    <ClCompile Include="immutableSamplerTest.cpp" />
    <ClCompile Include="UBO_SSBO_ArrayTest.cpp" />
    <ClCompile Include="Z-PrepassTest.cpp" />
    <ClCompile Include="forwardRendering.cpp" />
    <ClCompile Include="texelBufferTest.cpp" />
    <ClCompile Include="inlineUBOtest.cpp" />
    <ClCompile Include="experimental-features\renderGraph_WriteToAndReadImg.cpp">
      <Filter>experimental-features</Filter>
    </ClCompile>
    <ClCompile Include="VolumetricsTest.cpp" />
    <ClCompile Include="deferredRendering.cpp" />
    <ClCompile Include="shadingTest.cpp" />
    <ClCompile Include="basicLightingTest.cpp" />
    <ClCompile Include="experimental-features\PhongShading\phongShading.cpp">
      <Filter>experimental-features\PhongShading</Filter>
    </ClCompile>
    <ClCompile Include="experimental-features\Synchro\synchroMain.cpp">
      <Filter>experimental-features\Synchro</Filter>
    </ClCompile>
    <ClCompile Include="experimental-features\SimpleRG\renderGraphTest.cpp">
      <Filter>experimental-features\SimpleRG</Filter>
    </ClCompile>
    <ClCompile Include="experimental-features\ShadowMapping\shadowMapping.cpp">
      <Filter>experimental-features\ShadowMapping</Filter>
    </ClCompile>
    <ClCompile Include="experimental-features\Raytracing\raytracingTest.cpp">
      <Filter>experimental-features\Raytracing</Filter>
    </ClCompile>
  </ItemGroup>
  <ItemGroup>
    <ClInclude Include="vertex.hpp" />
    <ClInclude Include="polygonVertex.hpp" />
    <ClInclude Include="experimental-features\renderGraph_ReadAndWriteImg.rg.hpp">
      <Filter>experimental-features</Filter>
    </ClInclude>
    <ClInclude Include="experimental-features\renderGraph_ReadAndWriteImg__processed.hpp">
      <Filter>experimental-features</Filter>
    </ClInclude>
    <ClInclude Include="experimental-features\PhongShading\phongShading.rg.hpp">
      <Filter>experimental-features\PhongShading</Filter>
    </ClInclude>
    <ClInclude Include="experimental-features\PhongShading\phongShading__processed.hpp">
      <Filter>experimental-features\PhongShading</Filter>
    </ClInclude>
    <ClInclude Include="experimental-features\Deferred\deferred.rg.hpp">
      <Filter>experimental-features\DeferredRendering</Filter>
    </ClInclude>
    <ClInclude Include="experimental-features\SimpleRG\renderGraph_Draft.hpp">
      <Filter>experimental-features\SimpleRG</Filter>
    </ClInclude>
    <ClInclude Include="experimental-features\SimpleRG\renderGraph_Draft__processed.hpp">
      <Filter>experimental-features\SimpleRG</Filter>
    </ClInclude>
    <ClInclude Include="experimental-features\ShadowMapping\shadowMapping__processed.hpp">
      <Filter>experimental-features\ShadowMapping</Filter>
    </ClInclude>
  </ItemGroup>
  <ItemGroup>
    <Filter Include="shaders">
      <UniqueIdentifier>{238477f5-2776-47ac-89df-5dc40f93e896}</UniqueIdentifier>
    </Filter>
    <Filter Include="tools">
      <UniqueIdentifier>{86e71151-6369-4f8e-bd4c-d90aa652f8f9}</UniqueIdentifier>
    </Filter>
    <Filter Include="shaders-compiled">
      <UniqueIdentifier>{cc159bea-ab3f-4d77-9442-59a9a432d569}</UniqueIdentifier>
    </Filter>
    <Filter Include="experimental-features">
      <UniqueIdentifier>{5da3f189-593b-4200-9966-21486f953649}</UniqueIdentifier>
    </Filter>
    <Filter Include="experimental-features\PhongShading">
      <UniqueIdentifier>{8a7bfb52-0522-4780-9e40-1b7951c70b0d}</UniqueIdentifier>
    </Filter>
    <Filter Include="experimental-features\SimpleRG">
      <UniqueIdentifier>{909737a5-17a7-406b-9502-379052baa626}</UniqueIdentifier>
    </Filter>
    <Filter Include="experimental-features\Raytracing">
      <UniqueIdentifier>{75fbae4f-f859-4d2f-9d09-43dff2d4977b}</UniqueIdentifier>
    </Filter>
    <Filter Include="experimental-features\DeferredRendering">
      <UniqueIdentifier>{9d0e84c5-7fe1-457d-a65c-591304bb3e41}</UniqueIdentifier>
    </Filter>
    <Filter Include="experimental-features\Synchro">
      <UniqueIdentifier>{18288ea9-8d7f-440a-b121-b08fb47c13ff}</UniqueIdentifier>
    </Filter>
    <Filter Include="experimental-features\res">
      <UniqueIdentifier>{18e5d848-cc15-4194-b562-d5dcbf0d2060}</UniqueIdentifier>
    </Filter>
    <Filter Include="experimental-features\ShadowMapping">
      <UniqueIdentifier>{96c2b9b0-0034-40c5-9998-eeaa1f4988f6}</UniqueIdentifier>
    </Filter>
  </ItemGroup>
  <ItemGroup>
    <None Include="tools\compileShaders.py">
      <Filter>tools</Filter>
    </None>
    <None Include="shaders\colorshader.frag">
      <Filter>shaders</Filter>
    </None>
    <None Include="shaders\imageshader.frag">
      <Filter>shaders</Filter>
    </None>
    <None Include="shaders\multimeshRenderer.vert">
      <Filter>shaders</Filter>
    </None>
    <None Include="shaders\polygon.frag">
      <Filter>shaders</Filter>
    </None>
    <None Include="shaders\polygon.vert">
      <Filter>shaders</Filter>
    </None>
    <None Include="shaders\shader.vert">
      <Filter>shaders</Filter>
    </None>
    <None Include="shaders\shader3Dimage.vert">
      <Filter>shaders</Filter>
    </None>
    <None Include="shaders\shaderPushConstantTest.vert">
      <Filter>shaders</Filter>
    </None>
    <None Include="shaders\particleShader.comp">
      <Filter>shaders</Filter>
    </None>
    <None Include="shaders\instancedShader.vert">
      <Filter>shaders</Filter>
    </None>
    <None Include="shaders\particleShader.frag">
      <Filter>shaders</Filter>
    </None>
    <None Include="shaders\particleShader.vert">
      <Filter>shaders</Filter>
    </None>
    <None Include="shaders\specializationConstants.frag">
      <Filter>shaders</Filter>
    </None>
    <None Include="shaders\doubleImageShader.frag">
      <Filter>shaders</Filter>
    </None>
    <None Include="shaders\empty.frag">
      <Filter>shaders</Filter>
    </None>
    <None Include="README.MD" />
    <None Include="shaders\basicLightingTextured.frag">
      <Filter>shaders</Filter>
    </None>
    <None Include="shaders\basicLightingTextured.vert">
      <Filter>shaders</Filter>
    </None>
    <None Include="shaders\test.rgen">
      <Filter>shaders</Filter>
    </None>
    <None Include="shaders\image2D.frag">
      <Filter>shaders</Filter>
    </None>
    <None Include="shaders\image2D.vert">
      <Filter>shaders</Filter>
    </None>
    <None Include="shaders\test.rahit">
      <Filter>shaders</Filter>
    </None>
    <None Include="shaders\dummy.rgen">
      <Filter>shaders</Filter>
    </None>
    <None Include="shaders\dummy.rchit">
      <Filter>shaders</Filter>
    </None>
    <None Include="shaders\dummy.rmiss">
      <Filter>shaders</Filter>
    </None>
    <None Include="shaders\basic.rgen">
      <Filter>shaders</Filter>
    </None>
    <None Include="shaders\basic.rchit">
      <Filter>shaders</Filter>
    </None>
    <None Include="shaders\basic.rmiss">
      <Filter>shaders</Filter>
    </None>
    <None Include="shaders\phong.frag">
      <Filter>shaders</Filter>
    </None>
    <None Include="shaders\phong.vert">
      <Filter>shaders</Filter>
    </None>
    <None Include="experimental-features\Synchro\syncro.rg">
      <Filter>experimental-features\Synchro</Filter>
    </None>
    <None Include="experimental-features\ShadowMapping\shadowMapping.rg.hpp">
      <Filter>experimental-features\ShadowMapping</Filter>
    </None>
    <None Include="shaders\shadow_mapping_light.vert">
      <Filter>shaders</Filter>
    </None>
    <None Include="shaders\shadow_mapping_light.frag">
      <Filter>shaders</Filter>
    </None>
    <None Include="shaders\shadow_mapping_main.frag">
      <Filter>shaders</Filter>
    </None>
    <None Include="shaders\shadow_mapping_main.vert">
      <Filter>shaders</Filter>
    </None>
  </ItemGroup>
  <ItemGroup>
    <Image Include="res\viking_room.png">
      <Filter>experimental-features\res</Filter>
    </Image>
  </ItemGroup>
</Project>